// !$*UTF8*$!
{
	archiveVersion = 1;
	classes = {
	};
	objectVersion = 50;
	objects = {

/* Begin PBXBuildFile section */
		4E36A9452188B5F200F02A1B /* BaseViewController.swift in Sources */ = {isa = PBXBuildFile; fileRef = 4E36A9442188B5F200F02A1B /* BaseViewController.swift */; };
		4E36A9472188B60100F02A1B /* SearchViewController.swift in Sources */ = {isa = PBXBuildFile; fileRef = 4E36A9462188B60100F02A1B /* SearchViewController.swift */; };
		4E36A9492188B62400F02A1B /* RepositoryDetailViewController.swift in Sources */ = {isa = PBXBuildFile; fileRef = 4E36A9482188B62400F02A1B /* RepositoryDetailViewController.swift */; };
		4E36A94B2188B63000F02A1B /* UserDetailViewController.swift in Sources */ = {isa = PBXBuildFile; fileRef = 4E36A94A2188B63000F02A1B /* UserDetailViewController.swift */; };
		4E36A9502188B66D00F02A1B /* WindowManager.swift in Sources */ = {isa = PBXBuildFile; fileRef = 4E36A94F2188B66D00F02A1B /* WindowManager.swift */; };
		4E36A9522188B67600F02A1B /* Router.swift in Sources */ = {isa = PBXBuildFile; fileRef = 4E36A9512188B67600F02A1B /* Router.swift */; };
		4E36A9582188CA1600F02A1B /* User.storyboard in Resources */ = {isa = PBXBuildFile; fileRef = 4E36A9572188CA1600F02A1B /* User.storyboard */; };
		4E36A95A2188CA2600F02A1B /* Repository.storyboard in Resources */ = {isa = PBXBuildFile; fileRef = 4E36A9592188CA2600F02A1B /* Repository.storyboard */; };
		4E36A95C2188CA8E00F02A1B /* UIViewController+Storyboard.swift in Sources */ = {isa = PBXBuildFile; fileRef = 4E36A95B2188CA8E00F02A1B /* UIViewController+Storyboard.swift */; };
		4E36A9602188D4EF00F02A1B /* jakeWharton.json in Resources */ = {isa = PBXBuildFile; fileRef = 4E36A95D2188D4EF00F02A1B /* jakeWharton.json */; };
		4E36A9612188D4EF00F02A1B /* jakeWhartonRepos.json in Resources */ = {isa = PBXBuildFile; fileRef = 4E36A95E2188D4EF00F02A1B /* jakeWhartonRepos.json */; };
		4E36A9622188D4EF00F02A1B /* search.json in Resources */ = {isa = PBXBuildFile; fileRef = 4E36A95F2188D4EF00F02A1B /* search.json */; };
		4E36A9652188D68800F02A1B /* SearchProvider.swift in Sources */ = {isa = PBXBuildFile; fileRef = 4E36A9642188D68800F02A1B /* SearchProvider.swift */; };
		4E36A9672188D6B000F02A1B /* ServiceInjector.swift in Sources */ = {isa = PBXBuildFile; fileRef = 4E36A9662188D6B000F02A1B /* ServiceInjector.swift */; };
		4E36A96F2188EE0A00F02A1B /* SearchModel.swift in Sources */ = {isa = PBXBuildFile; fileRef = 4E36A96E2188EE0A00F02A1B /* SearchModel.swift */; };
		4E36A9712188F93300F02A1B /* SearchComponent.swift in Sources */ = {isa = PBXBuildFile; fileRef = 4E36A9702188F93300F02A1B /* SearchComponent.swift */; };
		4E36A9732189848800F02A1B /* SearchViewModel.swift in Sources */ = {isa = PBXBuildFile; fileRef = 4E36A9722189848800F02A1B /* SearchViewModel.swift */; };
		4E36A9752189849D00F02A1B /* ViewModel+DataSource.swift in Sources */ = {isa = PBXBuildFile; fileRef = 4E36A9742189849D00F02A1B /* ViewModel+DataSource.swift */; };
		4E36A9792189878C00F02A1B /* RepositoryCellModel.swift in Sources */ = {isa = PBXBuildFile; fileRef = 4E36A9782189878C00F02A1B /* RepositoryCellModel.swift */; };
		4E36A97C218988A200F02A1B /* SearchComponent.xib in Resources */ = {isa = PBXBuildFile; fileRef = 4E36A97B218988A200F02A1B /* SearchComponent.xib */; };
		4E36A97E21898D1900F02A1B /* SearchManager.swift in Sources */ = {isa = PBXBuildFile; fileRef = 4E36A97D21898D1900F02A1B /* SearchManager.swift */; };
		4E36A98721898E1A00F02A1B /* UITableView+QueerViewBuilder.swift in Sources */ = {isa = PBXBuildFile; fileRef = 4E36A97F21898E1900F02A1B /* UITableView+QueerViewBuilder.swift */; };
		4E36A98821898E1A00F02A1B /* UICollectionView+QueerViewBuilder.swift in Sources */ = {isa = PBXBuildFile; fileRef = 4E36A98021898E1900F02A1B /* UICollectionView+QueerViewBuilder.swift */; };
		4E36A98921898E1A00F02A1B /* UITableView+CellType.swift in Sources */ = {isa = PBXBuildFile; fileRef = 4E36A98121898E1900F02A1B /* UITableView+CellType.swift */; };
		4E36A98A21898E1A00F02A1B /* QueerProtocols.swift in Sources */ = {isa = PBXBuildFile; fileRef = 4E36A98221898E1900F02A1B /* QueerProtocols.swift */; };
		4E36A98B21898E1A00F02A1B /* QueerCollectionView.swift in Sources */ = {isa = PBXBuildFile; fileRef = 4E36A98321898E1900F02A1B /* QueerCollectionView.swift */; };
		4E36A98C21898E1A00F02A1B /* UIView+Queer.swift in Sources */ = {isa = PBXBuildFile; fileRef = 4E36A98421898E1900F02A1B /* UIView+Queer.swift */; };
		4E36A98D21898E1A00F02A1B /* QueerTableView.swift in Sources */ = {isa = PBXBuildFile; fileRef = 4E36A98521898E1A00F02A1B /* QueerTableView.swift */; };
		4E36A98E21898E1A00F02A1B /* UICollectionView+CellType.swift in Sources */ = {isa = PBXBuildFile; fileRef = 4E36A98621898E1A00F02A1B /* UICollectionView+CellType.swift */; };
		4E36A99421898E7000F02A1B /* RepositoryTableViewCell.swift in Sources */ = {isa = PBXBuildFile; fileRef = 4E36A99221898E7000F02A1B /* RepositoryTableViewCell.swift */; };
		4E36A99521898E7000F02A1B /* RepositoryTableViewCell.xib in Resources */ = {isa = PBXBuildFile; fileRef = 4E36A99321898E7000F02A1B /* RepositoryTableViewCell.xib */; };
		4E36A99921898F4300F02A1B /* AvatarComponent.swift in Sources */ = {isa = PBXBuildFile; fileRef = 4E36A99821898F4300F02A1B /* AvatarComponent.swift */; };
		4E36A99D21898FEB00F02A1B /* KeywordTableViewCell.swift in Sources */ = {isa = PBXBuildFile; fileRef = 4E36A99B21898FEB00F02A1B /* KeywordTableViewCell.swift */; };
		4E36A99E21898FEB00F02A1B /* KeywordTableViewCell.xib in Resources */ = {isa = PBXBuildFile; fileRef = 4E36A99C21898FEB00F02A1B /* KeywordTableViewCell.xib */; };
		4E36A9A02189931D00F02A1B /* RepositoryModel.swift in Sources */ = {isa = PBXBuildFile; fileRef = 4E36A99F2189931D00F02A1B /* RepositoryModel.swift */; };
		4E36A9A22189933900F02A1B /* UserModel.swift in Sources */ = {isa = PBXBuildFile; fileRef = 4E36A9A12189933900F02A1B /* UserModel.swift */; };
		4E36A9A421899D0E00F02A1B /* OwnerModel.swift in Sources */ = {isa = PBXBuildFile; fileRef = 4E36A9A321899D0E00F02A1B /* OwnerModel.swift */; };
		4E36A9A621899DE100F02A1B /* Repository+Language.swift in Sources */ = {isa = PBXBuildFile; fileRef = 4E36A9A521899DE100F02A1B /* Repository+Language.swift */; };
		4E36A9AB2189B88F00F02A1B /* ImageView.swift in Sources */ = {isa = PBXBuildFile; fileRef = 4E36A9AA2189B88F00F02A1B /* ImageView.swift */; };
		4E36A9AE2189B9B300F02A1B /* AttributeStackView.swift in Sources */ = {isa = PBXBuildFile; fileRef = 4E36A9AD2189B9B300F02A1B /* AttributeStackView.swift */; };
		4E88FBDB218BAB45001F6CBA /* RepositoryComponent.swift in Sources */ = {isa = PBXBuildFile; fileRef = 4E88FBDA218BAB45001F6CBA /* RepositoryComponent.swift */; };
		4E88FBDD218BB728001F6CBA /* AvatarComponentViewModel.swift in Sources */ = {isa = PBXBuildFile; fileRef = 4E88FBDC218BB728001F6CBA /* AvatarComponentViewModel.swift */; };
		4E88FBDF218BBA76001F6CBA /* UserDetailViewModel.swift in Sources */ = {isa = PBXBuildFile; fileRef = 4E88FBDE218BBA76001F6CBA /* UserDetailViewModel.swift */; };
		4E88FBE5218BBB59001F6CBA /* RepositoryCollectionViewCell.swift in Sources */ = {isa = PBXBuildFile; fileRef = 4E88FBE3218BBB59001F6CBA /* RepositoryCollectionViewCell.swift */; };
		4E88FBE6218BBB59001F6CBA /* RepositoryCollectionViewCell.xib in Resources */ = {isa = PBXBuildFile; fileRef = 4E88FBE4218BBB59001F6CBA /* RepositoryCollectionViewCell.xib */; };
		4E88FBE8218BBEA9001F6CBA /* UserDetailRouterData.swift in Sources */ = {isa = PBXBuildFile; fileRef = 4E88FBE7218BBEA9001F6CBA /* UserDetailRouterData.swift */; };
		4E88FBEA218BC420001F6CBA /* RepositoryDetailRouterData.swift in Sources */ = {isa = PBXBuildFile; fileRef = 4E88FBE9218BC420001F6CBA /* RepositoryDetailRouterData.swift */; };
		4E88FBEC218BC9BD001F6CBA /* Router+Navigation.swift in Sources */ = {isa = PBXBuildFile; fileRef = 4E88FBEB218BC9BD001F6CBA /* Router+Navigation.swift */; };
		4E88FBEF218BD5C1001F6CBA /* RepositoryDetailViewModel.swift in Sources */ = {isa = PBXBuildFile; fileRef = 4E88FBEE218BD5C1001F6CBA /* RepositoryDetailViewModel.swift */; };
		4E88FBF1218BD7A6001F6CBA /* LicenseModel.swift in Sources */ = {isa = PBXBuildFile; fileRef = 4E88FBF0218BD7A6001F6CBA /* LicenseModel.swift */; };
		4EB222C72189D6820051BE3E /* UserDetailComponent.swift in Sources */ = {isa = PBXBuildFile; fileRef = 4EB222C62189D6820051BE3E /* UserDetailComponent.swift */; };
		4EB222C92189D6E00051BE3E /* UIView+Extensions.swift in Sources */ = {isa = PBXBuildFile; fileRef = 4EB222C82189D6E00051BE3E /* UIView+Extensions.swift */; };
		4EB222CB2189F21B0051BE3E /* UIColor+Theme.swift in Sources */ = {isa = PBXBuildFile; fileRef = 4EB222CA2189F21B0051BE3E /* UIColor+Theme.swift */; };
		4EB222CD2189F23E0051BE3E /* Theme.swift in Sources */ = {isa = PBXBuildFile; fileRef = 4EB222CC2189F23E0051BE3E /* Theme.swift */; };
		4EB222CF2189F7780051BE3E /* UIFont+Style.swift in Sources */ = {isa = PBXBuildFile; fileRef = 4EB222CE2189F7780051BE3E /* UIFont+Style.swift */; };
		4EB222D8218A72270051BE3E /* ViewModel+Service.swift in Sources */ = {isa = PBXBuildFile; fileRef = 4EB222D7218A72270051BE3E /* ViewModel+Service.swift */; };
		4ECA4CF7218CAC6D0045B8F0 /* StatusBarProgress.swift in Sources */ = {isa = PBXBuildFile; fileRef = 4ECA4CF6218CAC6D0045B8F0 /* StatusBarProgress.swift */; };
		4ECA4CFA218CACEE0045B8F0 /* String+Extensions.swift in Sources */ = {isa = PBXBuildFile; fileRef = 4ECA4CF9218CACEE0045B8F0 /* String+Extensions.swift */; };
		4ECA4CFE218E51F80045B8F0 /* CollectionTableViewCell.swift in Sources */ = {isa = PBXBuildFile; fileRef = 4ECA4CFC218E51F80045B8F0 /* CollectionTableViewCell.swift */; };
		4ECA4CFF218E51F80045B8F0 /* CollectionTableViewCell.xib in Resources */ = {isa = PBXBuildFile; fileRef = 4ECA4CFD218E51F80045B8F0 /* CollectionTableViewCell.xib */; };
		4ECA4D04218E5DCF0045B8F0 /* RepositoryCollectionTableCellModel.swift in Sources */ = {isa = PBXBuildFile; fileRef = 4ECA4D03218E5DCF0045B8F0 /* RepositoryCollectionTableCellModel.swift */; };
		4ECA4D06218E62660045B8F0 /* UserProvider.swift in Sources */ = {isa = PBXBuildFile; fileRef = 4ECA4D05218E62660045B8F0 /* UserProvider.swift */; };
		4ECA4D09218E64EA0045B8F0 /* UserDetailComponent.xib in Resources */ = {isa = PBXBuildFile; fileRef = 4ECA4D08218E64EA0045B8F0 /* UserDetailComponent.xib */; };
		4ECA4D0B218EE4D20045B8F0 /* WebsiteButton.swift in Sources */ = {isa = PBXBuildFile; fileRef = 4ECA4D0A218EE4D20045B8F0 /* WebsiteButton.swift */; };
		4ECA4D0D218EF81C0045B8F0 /* UserDetailComponentViewModel.swift in Sources */ = {isa = PBXBuildFile; fileRef = 4ECA4D0C218EF81C0045B8F0 /* UserDetailComponentViewModel.swift */; };
		4ECA4D0F218F1C870045B8F0 /* RepositoryDetailBottomBar.swift in Sources */ = {isa = PBXBuildFile; fileRef = 4ECA4D0E218F1C870045B8F0 /* RepositoryDetailBottomBar.swift */; };
		4EFA920B218B92B0009ADFB5 /* Localizable.strings in Resources */ = {isa = PBXBuildFile; fileRef = 4EFA920D218B92B0009ADFB5 /* Localizable.strings */; };
		4EFB057A2188288700369E89 /* AppDelegate.swift in Sources */ = {isa = PBXBuildFile; fileRef = 4EFB05792188288700369E89 /* AppDelegate.swift */; };
		4EFB057F2188288700369E89 /* Search.storyboard in Resources */ = {isa = PBXBuildFile; fileRef = 4EFB057D2188288700369E89 /* Search.storyboard */; };
		4EFB05812188288800369E89 /* Assets.xcassets in Resources */ = {isa = PBXBuildFile; fileRef = 4EFB05802188288800369E89 /* Assets.xcassets */; };
		4EFB05842188288800369E89 /* LaunchScreen.storyboard in Resources */ = {isa = PBXBuildFile; fileRef = 4EFB05822188288800369E89 /* LaunchScreen.storyboard */; };
		4EFB058F2188288900369E89 /* VNGRSTests.swift in Sources */ = {isa = PBXBuildFile; fileRef = 4EFB058E2188288900369E89 /* VNGRSTests.swift */; };
		4EFB059A2188288900369E89 /* VNGRSUITests.swift in Sources */ = {isa = PBXBuildFile; fileRef = 4EFB05992188288900369E89 /* VNGRSUITests.swift */; };
		4EFB05B62188293C00369E89 /* UserClass.swift in Sources */ = {isa = PBXBuildFile; fileRef = 4EFB05B52188293C00369E89 /* UserClass.swift */; };
		4EFB05BD21882AB300369E89 /* UserStruct.swift in Sources */ = {isa = PBXBuildFile; fileRef = 4EFB05BC21882AB300369E89 /* UserStruct.swift */; };
		4EFB05C121883D1000369E89 /* JSONParseTest.swift in Sources */ = {isa = PBXBuildFile; fileRef = 4EFB05C021883D1000369E89 /* JSONParseTest.swift */; };
		4EFB05C321883E4900369E89 /* Mock.swift in Sources */ = {isa = PBXBuildFile; fileRef = 4EFB05C221883E4900369E89 /* Mock.swift */; };
		4EFB05C6218841AD00369E89 /* UserManager.swift in Sources */ = {isa = PBXBuildFile; fileRef = 4EFB05C5218841AD00369E89 /* UserManager.swift */; };
		4EFB05C72188432300369E89 /* users.json in Resources */ = {isa = PBXBuildFile; fileRef = 4EFB05B9218829BB00369E89 /* users.json */; };
		6FF296C6FDA4739A7C6A4E20 /* Pods_VNGRSTests.framework in Frameworks */ = {isa = PBXBuildFile; fileRef = 74167CABBA46265B8169AF4A /* Pods_VNGRSTests.framework */; };
		94126D079AC0C0133CC3DCD9 /* Pods_VNGRS.framework in Frameworks */ = {isa = PBXBuildFile; fileRef = F6232B86F394F13E0255FD2B /* Pods_VNGRS.framework */; };
		BA727D2CD47390ACF836943F /* Pods_VNGRSUITests.framework in Frameworks */ = {isa = PBXBuildFile; fileRef = 6578CBEC3DEC37F4A69D1D5A /* Pods_VNGRSUITests.framework */; };
/* End PBXBuildFile section */

/* Begin PBXContainerItemProxy section */
		4EFB058B2188288900369E89 /* PBXContainerItemProxy */ = {
			isa = PBXContainerItemProxy;
			containerPortal = 4EFB056E2188288700369E89 /* Project object */;
			proxyType = 1;
			remoteGlobalIDString = 4EFB05752188288700369E89;
			remoteInfo = VNGRS;
		};
		4EFB05962188288900369E89 /* PBXContainerItemProxy */ = {
			isa = PBXContainerItemProxy;
			containerPortal = 4EFB056E2188288700369E89 /* Project object */;
			proxyType = 1;
			remoteGlobalIDString = 4EFB05752188288700369E89;
			remoteInfo = VNGRS;
		};
/* End PBXContainerItemProxy section */

/* Begin PBXFileReference section */
		11BBFB9DBFAC0321280B417D /* Pods-VNGRSTests.release.xcconfig */ = {isa = PBXFileReference; includeInIndex = 1; lastKnownFileType = text.xcconfig; name = "Pods-VNGRSTests.release.xcconfig"; path = "Pods/Target Support Files/Pods-VNGRSTests/Pods-VNGRSTests.release.xcconfig"; sourceTree = "<group>"; };
		1CD7D8B04022BAA293DA7E7D /* Pods-VNGRS.release.xcconfig */ = {isa = PBXFileReference; includeInIndex = 1; lastKnownFileType = text.xcconfig; name = "Pods-VNGRS.release.xcconfig"; path = "Pods/Target Support Files/Pods-VNGRS/Pods-VNGRS.release.xcconfig"; sourceTree = "<group>"; };
		4E36A9442188B5F200F02A1B /* BaseViewController.swift */ = {isa = PBXFileReference; lastKnownFileType = sourcecode.swift; path = BaseViewController.swift; sourceTree = "<group>"; };
		4E36A9462188B60100F02A1B /* SearchViewController.swift */ = {isa = PBXFileReference; lastKnownFileType = sourcecode.swift; path = SearchViewController.swift; sourceTree = "<group>"; };
		4E36A9482188B62400F02A1B /* RepositoryDetailViewController.swift */ = {isa = PBXFileReference; lastKnownFileType = sourcecode.swift; path = RepositoryDetailViewController.swift; sourceTree = "<group>"; };
		4E36A94A2188B63000F02A1B /* UserDetailViewController.swift */ = {isa = PBXFileReference; lastKnownFileType = sourcecode.swift; path = UserDetailViewController.swift; sourceTree = "<group>"; };
		4E36A94F2188B66D00F02A1B /* WindowManager.swift */ = {isa = PBXFileReference; lastKnownFileType = sourcecode.swift; path = WindowManager.swift; sourceTree = "<group>"; };
		4E36A9512188B67600F02A1B /* Router.swift */ = {isa = PBXFileReference; lastKnownFileType = sourcecode.swift; path = Router.swift; sourceTree = "<group>"; };
		4E36A9572188CA1600F02A1B /* User.storyboard */ = {isa = PBXFileReference; lastKnownFileType = file.storyboard; path = User.storyboard; sourceTree = "<group>"; };
		4E36A9592188CA2600F02A1B /* Repository.storyboard */ = {isa = PBXFileReference; lastKnownFileType = file.storyboard; path = Repository.storyboard; sourceTree = "<group>"; };
		4E36A95B2188CA8E00F02A1B /* UIViewController+Storyboard.swift */ = {isa = PBXFileReference; lastKnownFileType = sourcecode.swift; path = "UIViewController+Storyboard.swift"; sourceTree = "<group>"; };
		4E36A95D2188D4EF00F02A1B /* jakeWharton.json */ = {isa = PBXFileReference; fileEncoding = 4; lastKnownFileType = text.json; path = jakeWharton.json; sourceTree = "<group>"; xcLanguageSpecificationIdentifier = xcode.lang.json; };
		4E36A95E2188D4EF00F02A1B /* jakeWhartonRepos.json */ = {isa = PBXFileReference; fileEncoding = 4; lastKnownFileType = text.json; path = jakeWhartonRepos.json; sourceTree = "<group>"; };
		4E36A95F2188D4EF00F02A1B /* search.json */ = {isa = PBXFileReference; fileEncoding = 4; lastKnownFileType = text.json; path = search.json; sourceTree = "<group>"; };
		4E36A9642188D68800F02A1B /* SearchProvider.swift */ = {isa = PBXFileReference; lastKnownFileType = sourcecode.swift; path = SearchProvider.swift; sourceTree = "<group>"; };
		4E36A9662188D6B000F02A1B /* ServiceInjector.swift */ = {isa = PBXFileReference; lastKnownFileType = sourcecode.swift; path = ServiceInjector.swift; sourceTree = "<group>"; };
		4E36A96E2188EE0A00F02A1B /* SearchModel.swift */ = {isa = PBXFileReference; lastKnownFileType = sourcecode.swift; path = SearchModel.swift; sourceTree = "<group>"; };
		4E36A9702188F93300F02A1B /* SearchComponent.swift */ = {isa = PBXFileReference; lastKnownFileType = sourcecode.swift; path = SearchComponent.swift; sourceTree = "<group>"; };
		4E36A9722189848800F02A1B /* SearchViewModel.swift */ = {isa = PBXFileReference; lastKnownFileType = sourcecode.swift; path = SearchViewModel.swift; sourceTree = "<group>"; };
		4E36A9742189849D00F02A1B /* ViewModel+DataSource.swift */ = {isa = PBXFileReference; lastKnownFileType = sourcecode.swift; path = "ViewModel+DataSource.swift"; sourceTree = "<group>"; };
		4E36A9782189878C00F02A1B /* RepositoryCellModel.swift */ = {isa = PBXFileReference; lastKnownFileType = sourcecode.swift; path = RepositoryCellModel.swift; sourceTree = "<group>"; };
		4E36A97B218988A200F02A1B /* SearchComponent.xib */ = {isa = PBXFileReference; lastKnownFileType = file.xib; path = SearchComponent.xib; sourceTree = "<group>"; };
		4E36A97D21898D1900F02A1B /* SearchManager.swift */ = {isa = PBXFileReference; lastKnownFileType = sourcecode.swift; path = SearchManager.swift; sourceTree = "<group>"; };
		4E36A97F21898E1900F02A1B /* UITableView+QueerViewBuilder.swift */ = {isa = PBXFileReference; fileEncoding = 4; lastKnownFileType = sourcecode.swift; path = "UITableView+QueerViewBuilder.swift"; sourceTree = "<group>"; };
		4E36A98021898E1900F02A1B /* UICollectionView+QueerViewBuilder.swift */ = {isa = PBXFileReference; fileEncoding = 4; lastKnownFileType = sourcecode.swift; path = "UICollectionView+QueerViewBuilder.swift"; sourceTree = "<group>"; };
		4E36A98121898E1900F02A1B /* UITableView+CellType.swift */ = {isa = PBXFileReference; fileEncoding = 4; lastKnownFileType = sourcecode.swift; path = "UITableView+CellType.swift"; sourceTree = "<group>"; };
		4E36A98221898E1900F02A1B /* QueerProtocols.swift */ = {isa = PBXFileReference; fileEncoding = 4; lastKnownFileType = sourcecode.swift; path = QueerProtocols.swift; sourceTree = "<group>"; };
		4E36A98321898E1900F02A1B /* QueerCollectionView.swift */ = {isa = PBXFileReference; fileEncoding = 4; lastKnownFileType = sourcecode.swift; path = QueerCollectionView.swift; sourceTree = "<group>"; };
		4E36A98421898E1900F02A1B /* UIView+Queer.swift */ = {isa = PBXFileReference; fileEncoding = 4; lastKnownFileType = sourcecode.swift; path = "UIView+Queer.swift"; sourceTree = "<group>"; };
		4E36A98521898E1A00F02A1B /* QueerTableView.swift */ = {isa = PBXFileReference; fileEncoding = 4; lastKnownFileType = sourcecode.swift; path = QueerTableView.swift; sourceTree = "<group>"; };
		4E36A98621898E1A00F02A1B /* UICollectionView+CellType.swift */ = {isa = PBXFileReference; fileEncoding = 4; lastKnownFileType = sourcecode.swift; path = "UICollectionView+CellType.swift"; sourceTree = "<group>"; };
		4E36A99221898E7000F02A1B /* RepositoryTableViewCell.swift */ = {isa = PBXFileReference; lastKnownFileType = sourcecode.swift; path = RepositoryTableViewCell.swift; sourceTree = "<group>"; };
		4E36A99321898E7000F02A1B /* RepositoryTableViewCell.xib */ = {isa = PBXFileReference; lastKnownFileType = file.xib; path = RepositoryTableViewCell.xib; sourceTree = "<group>"; };
		4E36A99821898F4300F02A1B /* AvatarComponent.swift */ = {isa = PBXFileReference; lastKnownFileType = sourcecode.swift; path = AvatarComponent.swift; sourceTree = "<group>"; };
		4E36A99B21898FEB00F02A1B /* KeywordTableViewCell.swift */ = {isa = PBXFileReference; lastKnownFileType = sourcecode.swift; path = KeywordTableViewCell.swift; sourceTree = "<group>"; };
		4E36A99C21898FEB00F02A1B /* KeywordTableViewCell.xib */ = {isa = PBXFileReference; lastKnownFileType = file.xib; path = KeywordTableViewCell.xib; sourceTree = "<group>"; };
		4E36A99F2189931D00F02A1B /* RepositoryModel.swift */ = {isa = PBXFileReference; lastKnownFileType = sourcecode.swift; path = RepositoryModel.swift; sourceTree = "<group>"; };
		4E36A9A12189933900F02A1B /* UserModel.swift */ = {isa = PBXFileReference; lastKnownFileType = sourcecode.swift; path = UserModel.swift; sourceTree = "<group>"; };
		4E36A9A321899D0E00F02A1B /* OwnerModel.swift */ = {isa = PBXFileReference; lastKnownFileType = sourcecode.swift; path = OwnerModel.swift; sourceTree = "<group>"; };
		4E36A9A521899DE100F02A1B /* Repository+Language.swift */ = {isa = PBXFileReference; lastKnownFileType = sourcecode.swift; path = "Repository+Language.swift"; sourceTree = "<group>"; };
		4E36A9AA2189B88F00F02A1B /* ImageView.swift */ = {isa = PBXFileReference; lastKnownFileType = sourcecode.swift; path = ImageView.swift; sourceTree = "<group>"; };
		4E36A9AD2189B9B300F02A1B /* AttributeStackView.swift */ = {isa = PBXFileReference; lastKnownFileType = sourcecode.swift; path = AttributeStackView.swift; sourceTree = "<group>"; };
		4E88FBDA218BAB45001F6CBA /* RepositoryComponent.swift */ = {isa = PBXFileReference; lastKnownFileType = sourcecode.swift; path = RepositoryComponent.swift; sourceTree = "<group>"; };
		4E88FBDC218BB728001F6CBA /* AvatarComponentViewModel.swift */ = {isa = PBXFileReference; lastKnownFileType = sourcecode.swift; path = AvatarComponentViewModel.swift; sourceTree = "<group>"; };
		4E88FBDE218BBA76001F6CBA /* UserDetailViewModel.swift */ = {isa = PBXFileReference; lastKnownFileType = sourcecode.swift; path = UserDetailViewModel.swift; sourceTree = "<group>"; };
		4E88FBE3218BBB59001F6CBA /* RepositoryCollectionViewCell.swift */ = {isa = PBXFileReference; lastKnownFileType = sourcecode.swift; path = RepositoryCollectionViewCell.swift; sourceTree = "<group>"; };
		4E88FBE4218BBB59001F6CBA /* RepositoryCollectionViewCell.xib */ = {isa = PBXFileReference; lastKnownFileType = file.xib; path = RepositoryCollectionViewCell.xib; sourceTree = "<group>"; };
		4E88FBE7218BBEA9001F6CBA /* UserDetailRouterData.swift */ = {isa = PBXFileReference; lastKnownFileType = sourcecode.swift; path = UserDetailRouterData.swift; sourceTree = "<group>"; };
		4E88FBE9218BC420001F6CBA /* RepositoryDetailRouterData.swift */ = {isa = PBXFileReference; lastKnownFileType = sourcecode.swift; path = RepositoryDetailRouterData.swift; sourceTree = "<group>"; };
		4E88FBEB218BC9BD001F6CBA /* Router+Navigation.swift */ = {isa = PBXFileReference; lastKnownFileType = sourcecode.swift; path = "Router+Navigation.swift"; sourceTree = "<group>"; };
		4E88FBEE218BD5C1001F6CBA /* RepositoryDetailViewModel.swift */ = {isa = PBXFileReference; lastKnownFileType = sourcecode.swift; path = RepositoryDetailViewModel.swift; sourceTree = "<group>"; };
		4E88FBF0218BD7A6001F6CBA /* LicenseModel.swift */ = {isa = PBXFileReference; lastKnownFileType = sourcecode.swift; path = LicenseModel.swift; sourceTree = "<group>"; };
		4EB222C62189D6820051BE3E /* UserDetailComponent.swift */ = {isa = PBXFileReference; lastKnownFileType = sourcecode.swift; path = UserDetailComponent.swift; sourceTree = "<group>"; };
		4EB222C82189D6E00051BE3E /* UIView+Extensions.swift */ = {isa = PBXFileReference; lastKnownFileType = sourcecode.swift; path = "UIView+Extensions.swift"; sourceTree = "<group>"; };
		4EB222CA2189F21B0051BE3E /* UIColor+Theme.swift */ = {isa = PBXFileReference; lastKnownFileType = sourcecode.swift; path = "UIColor+Theme.swift"; sourceTree = "<group>"; };
		4EB222CC2189F23E0051BE3E /* Theme.swift */ = {isa = PBXFileReference; lastKnownFileType = sourcecode.swift; path = Theme.swift; sourceTree = "<group>"; };
		4EB222CE2189F7780051BE3E /* UIFont+Style.swift */ = {isa = PBXFileReference; lastKnownFileType = sourcecode.swift; path = "UIFont+Style.swift"; sourceTree = "<group>"; };
		4EB222D7218A72270051BE3E /* ViewModel+Service.swift */ = {isa = PBXFileReference; lastKnownFileType = sourcecode.swift; path = "ViewModel+Service.swift"; sourceTree = "<group>"; };
		4ECA4CF6218CAC6D0045B8F0 /* StatusBarProgress.swift */ = {isa = PBXFileReference; lastKnownFileType = sourcecode.swift; path = StatusBarProgress.swift; sourceTree = "<group>"; };
		4ECA4CF9218CACEE0045B8F0 /* String+Extensions.swift */ = {isa = PBXFileReference; lastKnownFileType = sourcecode.swift; path = "String+Extensions.swift"; sourceTree = "<group>"; };
		4ECA4CFC218E51F80045B8F0 /* CollectionTableViewCell.swift */ = {isa = PBXFileReference; lastKnownFileType = sourcecode.swift; path = CollectionTableViewCell.swift; sourceTree = "<group>"; };
		4ECA4CFD218E51F80045B8F0 /* CollectionTableViewCell.xib */ = {isa = PBXFileReference; lastKnownFileType = file.xib; path = CollectionTableViewCell.xib; sourceTree = "<group>"; };
		4ECA4D03218E5DCF0045B8F0 /* RepositoryCollectionTableCellModel.swift */ = {isa = PBXFileReference; lastKnownFileType = sourcecode.swift; path = RepositoryCollectionTableCellModel.swift; sourceTree = "<group>"; };
		4ECA4D05218E62660045B8F0 /* UserProvider.swift */ = {isa = PBXFileReference; lastKnownFileType = sourcecode.swift; path = UserProvider.swift; sourceTree = "<group>"; };
		4ECA4D08218E64EA0045B8F0 /* UserDetailComponent.xib */ = {isa = PBXFileReference; lastKnownFileType = file.xib; path = UserDetailComponent.xib; sourceTree = "<group>"; };
		4ECA4D0A218EE4D20045B8F0 /* WebsiteButton.swift */ = {isa = PBXFileReference; lastKnownFileType = sourcecode.swift; path = WebsiteButton.swift; sourceTree = "<group>"; };
		4ECA4D0C218EF81C0045B8F0 /* UserDetailComponentViewModel.swift */ = {isa = PBXFileReference; lastKnownFileType = sourcecode.swift; path = UserDetailComponentViewModel.swift; sourceTree = "<group>"; };
		4ECA4D0E218F1C870045B8F0 /* RepositoryDetailBottomBar.swift */ = {isa = PBXFileReference; lastKnownFileType = sourcecode.swift; path = RepositoryDetailBottomBar.swift; sourceTree = "<group>"; };
		4EFA9209218B92A3009ADFB5 /* tr */ = {isa = PBXFileReference; lastKnownFileType = text.plist.strings; name = tr; path = tr.lproj/Search.strings; sourceTree = "<group>"; };
		4EFA920A218B92A3009ADFB5 /* tr */ = {isa = PBXFileReference; lastKnownFileType = text.plist.strings; name = tr; path = tr.lproj/LaunchScreen.strings; sourceTree = "<group>"; };
		4EFA920E218B92B7009ADFB5 /* en */ = {isa = PBXFileReference; lastKnownFileType = text.plist.strings; name = en; path = en.lproj/Localizable.strings; sourceTree = "<group>"; };
		4EFA920F218B92C7009ADFB5 /* tr */ = {isa = PBXFileReference; lastKnownFileType = text.plist.strings; name = tr; path = tr.lproj/Localizable.strings; sourceTree = "<group>"; };
		4EFB05762188288700369E89 /* VNGRS.app */ = {isa = PBXFileReference; explicitFileType = wrapper.application; includeInIndex = 0; path = VNGRS.app; sourceTree = BUILT_PRODUCTS_DIR; };
		4EFB05792188288700369E89 /* AppDelegate.swift */ = {isa = PBXFileReference; lastKnownFileType = sourcecode.swift; path = AppDelegate.swift; sourceTree = "<group>"; };
		4EFB057E2188288700369E89 /* Base */ = {isa = PBXFileReference; lastKnownFileType = file.storyboard; name = Base; path = Base.lproj/Search.storyboard; sourceTree = "<group>"; };
		4EFB05802188288800369E89 /* Assets.xcassets */ = {isa = PBXFileReference; lastKnownFileType = folder.assetcatalog; path = Assets.xcassets; sourceTree = "<group>"; };
		4EFB05832188288800369E89 /* Base */ = {isa = PBXFileReference; lastKnownFileType = file.storyboard; name = Base; path = Base.lproj/LaunchScreen.storyboard; sourceTree = "<group>"; };
		4EFB05852188288800369E89 /* Info.plist */ = {isa = PBXFileReference; lastKnownFileType = text.plist.xml; path = Info.plist; sourceTree = "<group>"; };
		4EFB058A2188288900369E89 /* VNGRSTests.xctest */ = {isa = PBXFileReference; explicitFileType = wrapper.cfbundle; includeInIndex = 0; path = VNGRSTests.xctest; sourceTree = BUILT_PRODUCTS_DIR; };
		4EFB058E2188288900369E89 /* VNGRSTests.swift */ = {isa = PBXFileReference; lastKnownFileType = sourcecode.swift; path = VNGRSTests.swift; sourceTree = "<group>"; };
		4EFB05902188288900369E89 /* Info.plist */ = {isa = PBXFileReference; lastKnownFileType = text.plist.xml; path = Info.plist; sourceTree = "<group>"; };
		4EFB05952188288900369E89 /* VNGRSUITests.xctest */ = {isa = PBXFileReference; explicitFileType = wrapper.cfbundle; includeInIndex = 0; path = VNGRSUITests.xctest; sourceTree = BUILT_PRODUCTS_DIR; };
		4EFB05992188288900369E89 /* VNGRSUITests.swift */ = {isa = PBXFileReference; lastKnownFileType = sourcecode.swift; path = VNGRSUITests.swift; sourceTree = "<group>"; };
		4EFB059B2188288900369E89 /* Info.plist */ = {isa = PBXFileReference; lastKnownFileType = text.plist.xml; path = Info.plist; sourceTree = "<group>"; };
		4EFB05B52188293C00369E89 /* UserClass.swift */ = {isa = PBXFileReference; lastKnownFileType = sourcecode.swift; path = UserClass.swift; sourceTree = "<group>"; };
		4EFB05B9218829BB00369E89 /* users.json */ = {isa = PBXFileReference; lastKnownFileType = text.json; path = users.json; sourceTree = "<group>"; };
		4EFB05BC21882AB300369E89 /* UserStruct.swift */ = {isa = PBXFileReference; lastKnownFileType = sourcecode.swift; path = UserStruct.swift; sourceTree = "<group>"; };
		4EFB05C021883D1000369E89 /* JSONParseTest.swift */ = {isa = PBXFileReference; lastKnownFileType = sourcecode.swift; path = JSONParseTest.swift; sourceTree = "<group>"; };
		4EFB05C221883E4900369E89 /* Mock.swift */ = {isa = PBXFileReference; lastKnownFileType = sourcecode.swift; path = Mock.swift; sourceTree = "<group>"; };
		4EFB05C5218841AD00369E89 /* UserManager.swift */ = {isa = PBXFileReference; lastKnownFileType = sourcecode.swift; path = UserManager.swift; sourceTree = "<group>"; };
		58654CBC175D68A26315C008 /* Pods-VNGRS.debug.xcconfig */ = {isa = PBXFileReference; includeInIndex = 1; lastKnownFileType = text.xcconfig; name = "Pods-VNGRS.debug.xcconfig"; path = "Pods/Target Support Files/Pods-VNGRS/Pods-VNGRS.debug.xcconfig"; sourceTree = "<group>"; };
		6578CBEC3DEC37F4A69D1D5A /* Pods_VNGRSUITests.framework */ = {isa = PBXFileReference; explicitFileType = wrapper.framework; includeInIndex = 0; path = Pods_VNGRSUITests.framework; sourceTree = BUILT_PRODUCTS_DIR; };
		74167CABBA46265B8169AF4A /* Pods_VNGRSTests.framework */ = {isa = PBXFileReference; explicitFileType = wrapper.framework; includeInIndex = 0; path = Pods_VNGRSTests.framework; sourceTree = BUILT_PRODUCTS_DIR; };
		A7B0DEC872BACE6D44251AB7 /* Pods-VNGRSUITests.debug.xcconfig */ = {isa = PBXFileReference; includeInIndex = 1; lastKnownFileType = text.xcconfig; name = "Pods-VNGRSUITests.debug.xcconfig"; path = "Pods/Target Support Files/Pods-VNGRSUITests/Pods-VNGRSUITests.debug.xcconfig"; sourceTree = "<group>"; };
		BBF8EBBCADA160CCE5A887C9 /* Pods-VNGRSUITests.release.xcconfig */ = {isa = PBXFileReference; includeInIndex = 1; lastKnownFileType = text.xcconfig; name = "Pods-VNGRSUITests.release.xcconfig"; path = "Pods/Target Support Files/Pods-VNGRSUITests/Pods-VNGRSUITests.release.xcconfig"; sourceTree = "<group>"; };
		CFE1BBD051E71D5358509ABB /* Pods-VNGRSTests.debug.xcconfig */ = {isa = PBXFileReference; includeInIndex = 1; lastKnownFileType = text.xcconfig; name = "Pods-VNGRSTests.debug.xcconfig"; path = "Pods/Target Support Files/Pods-VNGRSTests/Pods-VNGRSTests.debug.xcconfig"; sourceTree = "<group>"; };
		F6232B86F394F13E0255FD2B /* Pods_VNGRS.framework */ = {isa = PBXFileReference; explicitFileType = wrapper.framework; includeInIndex = 0; path = Pods_VNGRS.framework; sourceTree = BUILT_PRODUCTS_DIR; };
/* End PBXFileReference section */

/* Begin PBXFrameworksBuildPhase section */
		4EFB05732188288700369E89 /* Frameworks */ = {
			isa = PBXFrameworksBuildPhase;
			buildActionMask = 2147483647;
			files = (
				94126D079AC0C0133CC3DCD9 /* Pods_VNGRS.framework in Frameworks */,
			);
			runOnlyForDeploymentPostprocessing = 0;
		};
		4EFB05872188288900369E89 /* Frameworks */ = {
			isa = PBXFrameworksBuildPhase;
			buildActionMask = 2147483647;
			files = (
				6FF296C6FDA4739A7C6A4E20 /* Pods_VNGRSTests.framework in Frameworks */,
			);
			runOnlyForDeploymentPostprocessing = 0;
		};
		4EFB05922188288900369E89 /* Frameworks */ = {
			isa = PBXFrameworksBuildPhase;
			buildActionMask = 2147483647;
			files = (
				BA727D2CD47390ACF836943F /* Pods_VNGRSUITests.framework in Frameworks */,
			);
			runOnlyForDeploymentPostprocessing = 0;
		};
/* End PBXFrameworksBuildPhase section */

/* Begin PBXGroup section */
		4E36A94C2188B63A00F02A1B /* Search */ = {
			isa = PBXGroup;
			children = (
				4E36A97D21898D1900F02A1B /* SearchManager.swift */,
			);
			path = Search;
			sourceTree = "<group>";
		};
		4E36A9532188B85100F02A1B /* Extensions */ = {
			isa = PBXGroup;
			children = (
				4ECA4CF8218CACDD0045B8F0 /* Foundation */,
				4E36A9542188B85F00F02A1B /* UIKit */,
			);
			path = Extensions;
			sourceTree = "<group>";
		};
		4E36A9542188B85F00F02A1B /* UIKit */ = {
			isa = PBXGroup;
			children = (
				4EB222D3218A59A90051BE3E /* UIViewController */,
				4EB222C82189D6E00051BE3E /* UIView+Extensions.swift */,
				4EB222CA2189F21B0051BE3E /* UIColor+Theme.swift */,
				4EB222CE2189F7780051BE3E /* UIFont+Style.swift */,
			);
			path = UIKit;
			sourceTree = "<group>";
		};
		4E36A9562188C1EF00F02A1B /* QueerKit */ = {
			isa = PBXGroup;
			children = (
				4E36A98321898E1900F02A1B /* QueerCollectionView.swift */,
				4E36A98221898E1900F02A1B /* QueerProtocols.swift */,
				4E36A98521898E1A00F02A1B /* QueerTableView.swift */,
				4E36A98621898E1A00F02A1B /* UICollectionView+CellType.swift */,
				4E36A98021898E1900F02A1B /* UICollectionView+QueerViewBuilder.swift */,
				4E36A98121898E1900F02A1B /* UITableView+CellType.swift */,
				4E36A97F21898E1900F02A1B /* UITableView+QueerViewBuilder.swift */,
				4E36A98421898E1900F02A1B /* UIView+Queer.swift */,
			);
			path = QueerKit;
			sourceTree = "<group>";
		};
		4E36A9632188D66300F02A1B /* Window */ = {
			isa = PBXGroup;
			children = (
				4E36A94F2188B66D00F02A1B /* WindowManager.swift */,
			);
			path = Window;
			sourceTree = "<group>";
		};
		4E36A96A2188DECF00F02A1B /* For Test */ = {
			isa = PBXGroup;
			children = (
				4EFB05B42188291400369E89 /* Struct */,
				4EFB05B32188290F00369E89 /* Class */,
			);
			path = "For Test";
			sourceTree = "<group>";
		};
		4E36A96B2188DEDB00F02A1B /* User */ = {
			isa = PBXGroup;
			children = (
				4E36A9A12189933900F02A1B /* UserModel.swift */,
			);
			path = User;
			sourceTree = "<group>";
		};
		4E36A96C2188EDED00F02A1B /* Repository */ = {
			isa = PBXGroup;
			children = (
				4E36A99F2189931D00F02A1B /* RepositoryModel.swift */,
				4E36A9A321899D0E00F02A1B /* OwnerModel.swift */,
				4E36A9A521899DE100F02A1B /* Repository+Language.swift */,
				4E88FBF0218BD7A6001F6CBA /* LicenseModel.swift */,
			);
			path = Repository;
			sourceTree = "<group>";
		};
		4E36A96D2188EDF800F02A1B /* Search */ = {
			isa = PBXGroup;
			children = (
				4E36A96E2188EE0A00F02A1B /* SearchModel.swift */,
			);
			path = Search;
			sourceTree = "<group>";
		};
		4E36A97A2189888F00F02A1B /* Search */ = {
			isa = PBXGroup;
			children = (
				4E36A9702188F93300F02A1B /* SearchComponent.swift */,
				4E36A97B218988A200F02A1B /* SearchComponent.xib */,
			);
			path = Search;
			sourceTree = "<group>";
		};
		4E36A98F21898E4A00F02A1B /* Table */ = {
			isa = PBXGroup;
			children = (
				4ECA4CFB218E51E40045B8F0 /* Collection */,
				4E36A99A21898F7400F02A1B /* Keyword */,
				4E36A99121898E5600F02A1B /* Repository */,
			);
			path = Table;
			sourceTree = "<group>";
		};
		4E36A99121898E5600F02A1B /* Repository */ = {
			isa = PBXGroup;
			children = (
				4E36A99221898E7000F02A1B /* RepositoryTableViewCell.swift */,
				4E36A99321898E7000F02A1B /* RepositoryTableViewCell.xib */,
			);
			path = Repository;
			sourceTree = "<group>";
		};
		4E36A99721898F2100F02A1B /* User */ = {
			isa = PBXGroup;
			children = (
				4E36A99821898F4300F02A1B /* AvatarComponent.swift */,
				4EB222C62189D6820051BE3E /* UserDetailComponent.swift */,
				4ECA4D08218E64EA0045B8F0 /* UserDetailComponent.xib */,
			);
			path = User;
			sourceTree = "<group>";
		};
		4E36A99A21898F7400F02A1B /* Keyword */ = {
			isa = PBXGroup;
			children = (
				4E36A99B21898FEB00F02A1B /* KeywordTableViewCell.swift */,
				4E36A99C21898FEB00F02A1B /* KeywordTableViewCell.xib */,
			);
			path = Keyword;
			sourceTree = "<group>";
		};
		4E36A9A82189B87400F02A1B /* Custom */ = {
			isa = PBXGroup;
			children = (
				4ECA4CF5218CAC590045B8F0 /* Progress */,
				4E36A9AC2189B98500F02A1B /* AttributeStackView */,
				4E36A9A92189B87900F02A1B /* Image */,
				4ECA4D0A218EE4D20045B8F0 /* WebsiteButton.swift */,
			);
			path = Custom;
			sourceTree = "<group>";
		};
		4E36A9A92189B87900F02A1B /* Image */ = {
			isa = PBXGroup;
			children = (
				4E36A9AA2189B88F00F02A1B /* ImageView.swift */,
			);
			path = Image;
			sourceTree = "<group>";
		};
		4E36A9AC2189B98500F02A1B /* AttributeStackView */ = {
			isa = PBXGroup;
			children = (
				4E36A9AD2189B9B300F02A1B /* AttributeStackView.swift */,
			);
			path = AttributeStackView;
			sourceTree = "<group>";
		};
		4E88FBD9218BAB33001F6CBA /* Repository */ = {
			isa = PBXGroup;
			children = (
				4E88FBDA218BAB45001F6CBA /* RepositoryComponent.swift */,
				4ECA4D0E218F1C870045B8F0 /* RepositoryDetailBottomBar.swift */,
			);
			path = Repository;
			sourceTree = "<group>";
		};
		4E88FBE0218BBB27001F6CBA /* Collection */ = {
			isa = PBXGroup;
			children = (
				4E88FBE1218BBB2E001F6CBA /* Repository */,
			);
			path = Collection;
			sourceTree = "<group>";
		};
		4E88FBE1218BBB2E001F6CBA /* Repository */ = {
			isa = PBXGroup;
			children = (
				4E88FBE3218BBB59001F6CBA /* RepositoryCollectionViewCell.swift */,
				4E88FBE4218BBB59001F6CBA /* RepositoryCollectionViewCell.xib */,
			);
			path = Repository;
			sourceTree = "<group>";
		};
		4E88FBED218BD5A6001F6CBA /* Repository */ = {
			isa = PBXGroup;
			children = (
				4E36A9782189878C00F02A1B /* RepositoryCellModel.swift */,
				4E88FBEE218BD5C1001F6CBA /* RepositoryDetailViewModel.swift */,
			);
			path = Repository;
			sourceTree = "<group>";
		};
		4EB222D3218A59A90051BE3E /* UIViewController */ = {
			isa = PBXGroup;
			children = (
				4E36A95B2188CA8E00F02A1B /* UIViewController+Storyboard.swift */,
			);
			path = UIViewController;
			sourceTree = "<group>";
		};
		4EB222D6218A72120051BE3E /* Protocols */ = {
			isa = PBXGroup;
			children = (
				4E36A9742189849D00F02A1B /* ViewModel+DataSource.swift */,
				4EB222D7218A72270051BE3E /* ViewModel+Service.swift */,
			);
			path = Protocols;
			sourceTree = "<group>";
		};
		4ECA4CF5218CAC590045B8F0 /* Progress */ = {
			isa = PBXGroup;
			children = (
				4ECA4CF6218CAC6D0045B8F0 /* StatusBarProgress.swift */,
			);
			path = Progress;
			sourceTree = "<group>";
		};
		4ECA4CF8218CACDD0045B8F0 /* Foundation */ = {
			isa = PBXGroup;
			children = (
				4ECA4CF9218CACEE0045B8F0 /* String+Extensions.swift */,
			);
			path = Foundation;
			sourceTree = "<group>";
		};
		4ECA4CFB218E51E40045B8F0 /* Collection */ = {
			isa = PBXGroup;
			children = (
				4ECA4CFC218E51F80045B8F0 /* CollectionTableViewCell.swift */,
				4ECA4CFD218E51F80045B8F0 /* CollectionTableViewCell.xib */,
			);
			path = Collection;
			sourceTree = "<group>";
		};
		4ECA4D00218E5D9B0045B8F0 /* User */ = {
			isa = PBXGroup;
			children = (
				4E88FBDC218BB728001F6CBA /* AvatarComponentViewModel.swift */,
				4E88FBDE218BBA76001F6CBA /* UserDetailViewModel.swift */,
				4ECA4D0C218EF81C0045B8F0 /* UserDetailComponentViewModel.swift */,
				4ECA4D03218E5DCF0045B8F0 /* RepositoryCollectionTableCellModel.swift */,
			);
			path = User;
			sourceTree = "<group>";
		};
		4EFB056D2188288700369E89 = {
			isa = PBXGroup;
			children = (
				4EFB05782188288700369E89 /* VNGRS */,
				4EFB058D2188288900369E89 /* VNGRSTests */,
				4EFB05982188288900369E89 /* VNGRSUITests */,
				4EFB05772188288700369E89 /* Products */,
				7C33914A7EDF26EB7AC419B7 /* Pods */,
				B9A1DD9D8DDAB1DE6CE9C91A /* Frameworks */,
			);
			sourceTree = "<group>";
		};
		4EFB05772188288700369E89 /* Products */ = {
			isa = PBXGroup;
			children = (
				4EFB05762188288700369E89 /* VNGRS.app */,
				4EFB058A2188288900369E89 /* VNGRSTests.xctest */,
				4EFB05952188288900369E89 /* VNGRSUITests.xctest */,
			);
			name = Products;
			sourceTree = "<group>";
		};
		4EFB05782188288700369E89 /* VNGRS */ = {
			isa = PBXGroup;
			children = (
				4EFB05B72188294600369E89 /* Mock */,
				4EFB05AE218828D200369E89 /* Libs */,
				4E36A9532188B85100F02A1B /* Extensions */,
				4EFB05AD218828C900369E89 /* Classes */,
				4EFB05B1218828FA00369E89 /* Router */,
				4EFB05A9218828A000369E89 /* Views */,
				4EFB05A82188289A00369E89 /* ViewModels */,
				4EFB05A72188289300369E89 /* ViewController */,
				4EFB05792188288700369E89 /* AppDelegate.swift */,
				4EFB05802188288800369E89 /* Assets.xcassets */,
				4EFB05822188288800369E89 /* LaunchScreen.storyboard */,
				4EFB05852188288800369E89 /* Info.plist */,
				4EFA920D218B92B0009ADFB5 /* Localizable.strings */,
			);
			path = VNGRS;
			sourceTree = "<group>";
		};
		4EFB058D2188288900369E89 /* VNGRSTests */ = {
			isa = PBXGroup;
			children = (
				4EFB058E2188288900369E89 /* VNGRSTests.swift */,
				4EFB05C021883D1000369E89 /* JSONParseTest.swift */,
				4EFB05902188288900369E89 /* Info.plist */,
			);
			path = VNGRSTests;
			sourceTree = "<group>";
		};
		4EFB05982188288900369E89 /* VNGRSUITests */ = {
			isa = PBXGroup;
			children = (
				4EFB05992188288900369E89 /* VNGRSUITests.swift */,
				4EFB059B2188288900369E89 /* Info.plist */,
			);
			path = VNGRSUITests;
			sourceTree = "<group>";
		};
		4EFB05A72188289300369E89 /* ViewController */ = {
			isa = PBXGroup;
			children = (
				4E36A9442188B5F200F02A1B /* BaseViewController.swift */,
				4E36A9462188B60100F02A1B /* SearchViewController.swift */,
				4E36A9482188B62400F02A1B /* RepositoryDetailViewController.swift */,
				4E36A94A2188B63000F02A1B /* UserDetailViewController.swift */,
			);
			path = ViewController;
			sourceTree = "<group>";
		};
		4EFB05A82188289A00369E89 /* ViewModels */ = {
			isa = PBXGroup;
			children = (
				4ECA4D00218E5D9B0045B8F0 /* User */,
				4E88FBED218BD5A6001F6CBA /* Repository */,
				4EB222D6218A72120051BE3E /* Protocols */,
				4E36A9722189848800F02A1B /* SearchViewModel.swift */,
			);
			path = ViewModels;
			sourceTree = "<group>";
		};
		4EFB05A9218828A000369E89 /* Views */ = {
			isa = PBXGroup;
			children = (
				4E36A9A82189B87400F02A1B /* Custom */,
				4EFB05AC218828BF00369E89 /* Components */,
				4EFB05AB218828AB00369E89 /* Cells */,
				4EFB05AA218828A500369E89 /* Storyboards */,
			);
			path = Views;
			sourceTree = "<group>";
		};
		4EFB05AA218828A500369E89 /* Storyboards */ = {
			isa = PBXGroup;
			children = (
				4EFB057D2188288700369E89 /* Search.storyboard */,
				4E36A9572188CA1600F02A1B /* User.storyboard */,
				4E36A9592188CA2600F02A1B /* Repository.storyboard */,
			);
			path = Storyboards;
			sourceTree = "<group>";
		};
		4EFB05AB218828AB00369E89 /* Cells */ = {
			isa = PBXGroup;
			children = (
				4E88FBE0218BBB27001F6CBA /* Collection */,
				4E36A98F21898E4A00F02A1B /* Table */,
			);
			path = Cells;
			sourceTree = "<group>";
		};
		4EFB05AC218828BF00369E89 /* Components */ = {
			isa = PBXGroup;
			children = (
				4E88FBD9218BAB33001F6CBA /* Repository */,
				4E36A99721898F2100F02A1B /* User */,
				4E36A97A2189888F00F02A1B /* Search */,
			);
			path = Components;
			sourceTree = "<group>";
		};
		4EFB05AD218828C900369E89 /* Classes */ = {
			isa = PBXGroup;
			children = (
				4EFB05B22188290900369E89 /* Models */,
				4EFB05B0218828EE00369E89 /* Managers */,
				4EFB05AF218828E600369E89 /* Service */,
			);
			path = Classes;
			sourceTree = "<group>";
		};
		4EFB05AE218828D200369E89 /* Libs */ = {
			isa = PBXGroup;
			children = (
				4E36A9562188C1EF00F02A1B /* QueerKit */,
			);
			path = Libs;
			sourceTree = "<group>";
		};
		4EFB05AF218828E600369E89 /* Service */ = {
			isa = PBXGroup;
			children = (
				4ECA4D05218E62660045B8F0 /* UserProvider.swift */,
				4E36A9642188D68800F02A1B /* SearchProvider.swift */,
				4E36A9662188D6B000F02A1B /* ServiceInjector.swift */,
			);
			path = Service;
			sourceTree = "<group>";
		};
		4EFB05B0218828EE00369E89 /* Managers */ = {
			isa = PBXGroup;
			children = (
				4E36A9632188D66300F02A1B /* Window */,
				4E36A94C2188B63A00F02A1B /* Search */,
				4EFB05C42188419700369E89 /* Users */,
				4EB222CC2189F23E0051BE3E /* Theme.swift */,
			);
			path = Managers;
			sourceTree = "<group>";
		};
		4EFB05B1218828FA00369E89 /* Router */ = {
			isa = PBXGroup;
			children = (
				4E36A9512188B67600F02A1B /* Router.swift */,
				4E88FBEB218BC9BD001F6CBA /* Router+Navigation.swift */,
				4E88FBE7218BBEA9001F6CBA /* UserDetailRouterData.swift */,
				4E88FBE9218BC420001F6CBA /* RepositoryDetailRouterData.swift */,
			);
			path = Router;
			sourceTree = "<group>";
		};
		4EFB05B22188290900369E89 /* Models */ = {
			isa = PBXGroup;
			children = (
				4E36A96D2188EDF800F02A1B /* Search */,
				4E36A96C2188EDED00F02A1B /* Repository */,
				4E36A96B2188DEDB00F02A1B /* User */,
				4E36A96A2188DECF00F02A1B /* For Test */,
			);
			path = Models;
			sourceTree = "<group>";
		};
		4EFB05B32188290F00369E89 /* Class */ = {
			isa = PBXGroup;
			children = (
				4EFB05B52188293C00369E89 /* UserClass.swift */,
			);
			path = Class;
			sourceTree = "<group>";
		};
		4EFB05B42188291400369E89 /* Struct */ = {
			isa = PBXGroup;
			children = (
				4EFB05BC21882AB300369E89 /* UserStruct.swift */,
			);
			path = Struct;
			sourceTree = "<group>";
		};
		4EFB05B72188294600369E89 /* Mock */ = {
			isa = PBXGroup;
			children = (
				4E36A95D2188D4EF00F02A1B /* jakeWharton.json */,
				4E36A95E2188D4EF00F02A1B /* jakeWhartonRepos.json */,
				4E36A95F2188D4EF00F02A1B /* search.json */,
				4EFB05B82188299500369E89 /* Users */,
				4EFB05C221883E4900369E89 /* Mock.swift */,
			);
			path = Mock;
			sourceTree = "<group>";
		};
		4EFB05B82188299500369E89 /* Users */ = {
			isa = PBXGroup;
			children = (
				4EFB05B9218829BB00369E89 /* users.json */,
			);
			path = Users;
			sourceTree = "<group>";
		};
		4EFB05C42188419700369E89 /* Users */ = {
			isa = PBXGroup;
			children = (
				4EFB05C5218841AD00369E89 /* UserManager.swift */,
			);
			path = Users;
			sourceTree = "<group>";
		};
		7C33914A7EDF26EB7AC419B7 /* Pods */ = {
			isa = PBXGroup;
			children = (
				58654CBC175D68A26315C008 /* Pods-VNGRS.debug.xcconfig */,
				1CD7D8B04022BAA293DA7E7D /* Pods-VNGRS.release.xcconfig */,
				CFE1BBD051E71D5358509ABB /* Pods-VNGRSTests.debug.xcconfig */,
				11BBFB9DBFAC0321280B417D /* Pods-VNGRSTests.release.xcconfig */,
				A7B0DEC872BACE6D44251AB7 /* Pods-VNGRSUITests.debug.xcconfig */,
				BBF8EBBCADA160CCE5A887C9 /* Pods-VNGRSUITests.release.xcconfig */,
			);
			name = Pods;
			sourceTree = "<group>";
		};
		B9A1DD9D8DDAB1DE6CE9C91A /* Frameworks */ = {
			isa = PBXGroup;
			children = (
				F6232B86F394F13E0255FD2B /* Pods_VNGRS.framework */,
				74167CABBA46265B8169AF4A /* Pods_VNGRSTests.framework */,
				6578CBEC3DEC37F4A69D1D5A /* Pods_VNGRSUITests.framework */,
			);
			name = Frameworks;
			sourceTree = "<group>";
		};
/* End PBXGroup section */

/* Begin PBXNativeTarget section */
		4EFB05752188288700369E89 /* VNGRS */ = {
			isa = PBXNativeTarget;
			buildConfigurationList = 4EFB059E2188288900369E89 /* Build configuration list for PBXNativeTarget "VNGRS" */;
			buildPhases = (
				EE42B5343CC329E6CB3EFFDF /* [CP] Check Pods Manifest.lock */,
				4EFB05722188288700369E89 /* Sources */,
				4EFB05732188288700369E89 /* Frameworks */,
				4EFB05742188288700369E89 /* Resources */,
				0B1272EB3899D8E5EE633748 /* [CP] Embed Pods Frameworks */,
			);
			buildRules = (
			);
			dependencies = (
			);
			name = VNGRS;
			productName = VNGRS;
			productReference = 4EFB05762188288700369E89 /* VNGRS.app */;
			productType = "com.apple.product-type.application";
		};
		4EFB05892188288900369E89 /* VNGRSTests */ = {
			isa = PBXNativeTarget;
			buildConfigurationList = 4EFB05A12188288900369E89 /* Build configuration list for PBXNativeTarget "VNGRSTests" */;
			buildPhases = (
				249D005D5B885A109CC6456D /* [CP] Check Pods Manifest.lock */,
				4EFB05862188288900369E89 /* Sources */,
				4EFB05872188288900369E89 /* Frameworks */,
				4EFB05882188288900369E89 /* Resources */,
			);
			buildRules = (
			);
			dependencies = (
				4EFB058C2188288900369E89 /* PBXTargetDependency */,
			);
			name = VNGRSTests;
			productName = VNGRSTests;
			productReference = 4EFB058A2188288900369E89 /* VNGRSTests.xctest */;
			productType = "com.apple.product-type.bundle.unit-test";
		};
		4EFB05942188288900369E89 /* VNGRSUITests */ = {
			isa = PBXNativeTarget;
			buildConfigurationList = 4EFB05A42188288900369E89 /* Build configuration list for PBXNativeTarget "VNGRSUITests" */;
			buildPhases = (
				1AA1DB64442DACCC22B31297 /* [CP] Check Pods Manifest.lock */,
				4EFB05912188288900369E89 /* Sources */,
				4EFB05922188288900369E89 /* Frameworks */,
				4EFB05932188288900369E89 /* Resources */,
			);
			buildRules = (
			);
			dependencies = (
				4EFB05972188288900369E89 /* PBXTargetDependency */,
			);
			name = VNGRSUITests;
			productName = VNGRSUITests;
			productReference = 4EFB05952188288900369E89 /* VNGRSUITests.xctest */;
			productType = "com.apple.product-type.bundle.ui-testing";
		};
/* End PBXNativeTarget section */

/* Begin PBXProject section */
		4EFB056E2188288700369E89 /* Project object */ = {
			isa = PBXProject;
			attributes = {
				LastSwiftUpdateCheck = 1000;
				LastUpgradeCheck = 1000;
				ORGANIZATIONNAME = vngrs;
				TargetAttributes = {
					4EFB05752188288700369E89 = {
						CreatedOnToolsVersion = 10.0;
					};
					4EFB05892188288900369E89 = {
						CreatedOnToolsVersion = 10.0;
						TestTargetID = 4EFB05752188288700369E89;
					};
					4EFB05942188288900369E89 = {
						CreatedOnToolsVersion = 10.0;
						TestTargetID = 4EFB05752188288700369E89;
					};
				};
			};
			buildConfigurationList = 4EFB05712188288700369E89 /* Build configuration list for PBXProject "VNGRS" */;
			compatibilityVersion = "Xcode 9.3";
			developmentRegion = en;
			hasScannedForEncodings = 0;
			knownRegions = (
				en,
				Base,
				tr,
			);
			mainGroup = 4EFB056D2188288700369E89;
			productRefGroup = 4EFB05772188288700369E89 /* Products */;
			projectDirPath = "";
			projectRoot = "";
			targets = (
				4EFB05752188288700369E89 /* VNGRS */,
				4EFB05892188288900369E89 /* VNGRSTests */,
				4EFB05942188288900369E89 /* VNGRSUITests */,
			);
		};
/* End PBXProject section */

/* Begin PBXResourcesBuildPhase section */
		4EFB05742188288700369E89 /* Resources */ = {
			isa = PBXResourcesBuildPhase;
			buildActionMask = 2147483647;
			files = (
				4EFB05842188288800369E89 /* LaunchScreen.storyboard in Resources */,
				4E36A9582188CA1600F02A1B /* User.storyboard in Resources */,
				4E36A9602188D4EF00F02A1B /* jakeWharton.json in Resources */,
				4E36A9622188D4EF00F02A1B /* search.json in Resources */,
				4EFB05812188288800369E89 /* Assets.xcassets in Resources */,
				4E36A99E21898FEB00F02A1B /* KeywordTableViewCell.xib in Resources */,
				4E36A9612188D4EF00F02A1B /* jakeWhartonRepos.json in Resources */,
				4EFB057F2188288700369E89 /* Search.storyboard in Resources */,
				4E36A97C218988A200F02A1B /* SearchComponent.xib in Resources */,
				4EFA920B218B92B0009ADFB5 /* Localizable.strings in Resources */,
				4ECA4CFF218E51F80045B8F0 /* CollectionTableViewCell.xib in Resources */,
				4E36A99521898E7000F02A1B /* RepositoryTableViewCell.xib in Resources */,
				4E36A95A2188CA2600F02A1B /* Repository.storyboard in Resources */,
				4ECA4D09218E64EA0045B8F0 /* UserDetailComponent.xib in Resources */,
				4EFB05C72188432300369E89 /* users.json in Resources */,
				4E88FBE6218BBB59001F6CBA /* RepositoryCollectionViewCell.xib in Resources */,
			);
			runOnlyForDeploymentPostprocessing = 0;
		};
		4EFB05882188288900369E89 /* Resources */ = {
			isa = PBXResourcesBuildPhase;
			buildActionMask = 2147483647;
			files = (
			);
			runOnlyForDeploymentPostprocessing = 0;
		};
		4EFB05932188288900369E89 /* Resources */ = {
			isa = PBXResourcesBuildPhase;
			buildActionMask = 2147483647;
			files = (
			);
			runOnlyForDeploymentPostprocessing = 0;
		};
/* End PBXResourcesBuildPhase section */

/* Begin PBXShellScriptBuildPhase section */
		0B1272EB3899D8E5EE633748 /* [CP] Embed Pods Frameworks */ = {
			isa = PBXShellScriptBuildPhase;
			buildActionMask = 2147483647;
			files = (
			);
			inputPaths = (
				"${SRCROOT}/Pods/Target Support Files/Pods-VNGRS/Pods-VNGRS-frameworks.sh",
				"${BUILT_PRODUCTS_DIR}/Alamofire/Alamofire.framework",
				"${BUILT_PRODUCTS_DIR}/Kingfisher/Kingfisher.framework",
				"${BUILT_PRODUCTS_DIR}/Moya/Moya.framework",
				"${BUILT_PRODUCTS_DIR}/Result/Result.framework",
				"${BUILT_PRODUCTS_DIR}/RxCocoa/RxCocoa.framework",
				"${BUILT_PRODUCTS_DIR}/RxGesture/RxGesture.framework",
				"${BUILT_PRODUCTS_DIR}/RxSwift/RxSwift.framework",
			);
			name = "[CP] Embed Pods Frameworks";
			outputPaths = (
				"${TARGET_BUILD_DIR}/${FRAMEWORKS_FOLDER_PATH}/Alamofire.framework",
				"${TARGET_BUILD_DIR}/${FRAMEWORKS_FOLDER_PATH}/Kingfisher.framework",
				"${TARGET_BUILD_DIR}/${FRAMEWORKS_FOLDER_PATH}/Moya.framework",
				"${TARGET_BUILD_DIR}/${FRAMEWORKS_FOLDER_PATH}/Result.framework",
				"${TARGET_BUILD_DIR}/${FRAMEWORKS_FOLDER_PATH}/RxCocoa.framework",
				"${TARGET_BUILD_DIR}/${FRAMEWORKS_FOLDER_PATH}/RxGesture.framework",
				"${TARGET_BUILD_DIR}/${FRAMEWORKS_FOLDER_PATH}/RxSwift.framework",
			);
			runOnlyForDeploymentPostprocessing = 0;
			shellPath = /bin/sh;
			shellScript = "\"${SRCROOT}/Pods/Target Support Files/Pods-VNGRS/Pods-VNGRS-frameworks.sh\"\n";
			showEnvVarsInLog = 0;
		};
		1AA1DB64442DACCC22B31297 /* [CP] Check Pods Manifest.lock */ = {
			isa = PBXShellScriptBuildPhase;
			buildActionMask = 2147483647;
			files = (
			);
			inputPaths = (
				"${PODS_PODFILE_DIR_PATH}/Podfile.lock",
				"${PODS_ROOT}/Manifest.lock",
			);
			name = "[CP] Check Pods Manifest.lock";
			outputPaths = (
				"$(DERIVED_FILE_DIR)/Pods-VNGRSUITests-checkManifestLockResult.txt",
			);
			runOnlyForDeploymentPostprocessing = 0;
			shellPath = /bin/sh;
			shellScript = "diff \"${PODS_PODFILE_DIR_PATH}/Podfile.lock\" \"${PODS_ROOT}/Manifest.lock\" > /dev/null\nif [ $? != 0 ] ; then\n    # print error to STDERR\n    echo \"error: The sandbox is not in sync with the Podfile.lock. Run 'pod install' or update your CocoaPods installation.\" >&2\n    exit 1\nfi\n# This output is used by Xcode 'outputs' to avoid re-running this script phase.\necho \"SUCCESS\" > \"${SCRIPT_OUTPUT_FILE_0}\"\n";
			showEnvVarsInLog = 0;
		};
		249D005D5B885A109CC6456D /* [CP] Check Pods Manifest.lock */ = {
			isa = PBXShellScriptBuildPhase;
			buildActionMask = 2147483647;
			files = (
			);
			inputPaths = (
				"${PODS_PODFILE_DIR_PATH}/Podfile.lock",
				"${PODS_ROOT}/Manifest.lock",
			);
			name = "[CP] Check Pods Manifest.lock";
			outputPaths = (
				"$(DERIVED_FILE_DIR)/Pods-VNGRSTests-checkManifestLockResult.txt",
			);
			runOnlyForDeploymentPostprocessing = 0;
			shellPath = /bin/sh;
			shellScript = "diff \"${PODS_PODFILE_DIR_PATH}/Podfile.lock\" \"${PODS_ROOT}/Manifest.lock\" > /dev/null\nif [ $? != 0 ] ; then\n    # print error to STDERR\n    echo \"error: The sandbox is not in sync with the Podfile.lock. Run 'pod install' or update your CocoaPods installation.\" >&2\n    exit 1\nfi\n# This output is used by Xcode 'outputs' to avoid re-running this script phase.\necho \"SUCCESS\" > \"${SCRIPT_OUTPUT_FILE_0}\"\n";
			showEnvVarsInLog = 0;
		};
		EE42B5343CC329E6CB3EFFDF /* [CP] Check Pods Manifest.lock */ = {
			isa = PBXShellScriptBuildPhase;
			buildActionMask = 2147483647;
			files = (
			);
			inputPaths = (
				"${PODS_PODFILE_DIR_PATH}/Podfile.lock",
				"${PODS_ROOT}/Manifest.lock",
			);
			name = "[CP] Check Pods Manifest.lock";
			outputPaths = (
				"$(DERIVED_FILE_DIR)/Pods-VNGRS-checkManifestLockResult.txt",
			);
			runOnlyForDeploymentPostprocessing = 0;
			shellPath = /bin/sh;
			shellScript = "diff \"${PODS_PODFILE_DIR_PATH}/Podfile.lock\" \"${PODS_ROOT}/Manifest.lock\" > /dev/null\nif [ $? != 0 ] ; then\n    # print error to STDERR\n    echo \"error: The sandbox is not in sync with the Podfile.lock. Run 'pod install' or update your CocoaPods installation.\" >&2\n    exit 1\nfi\n# This output is used by Xcode 'outputs' to avoid re-running this script phase.\necho \"SUCCESS\" > \"${SCRIPT_OUTPUT_FILE_0}\"\n";
			showEnvVarsInLog = 0;
		};
/* End PBXShellScriptBuildPhase section */

/* Begin PBXSourcesBuildPhase section */
		4EFB05722188288700369E89 /* Sources */ = {
			isa = PBXSourcesBuildPhase;
			buildActionMask = 2147483647;
			files = (
				4E36A98821898E1A00F02A1B /* UICollectionView+QueerViewBuilder.swift in Sources */,
				4E36A9A02189931D00F02A1B /* RepositoryModel.swift in Sources */,
				4E88FBEA218BC420001F6CBA /* RepositoryDetailRouterData.swift in Sources */,
				4E88FBDF218BBA76001F6CBA /* UserDetailViewModel.swift in Sources */,
				4EFB05C6218841AD00369E89 /* UserManager.swift in Sources */,
				4E88FBE8218BBEA9001F6CBA /* UserDetailRouterData.swift in Sources */,
				4E36A99921898F4300F02A1B /* AvatarComponent.swift in Sources */,
				4EFB05B62188293C00369E89 /* UserClass.swift in Sources */,
				4E36A9472188B60100F02A1B /* SearchViewController.swift in Sources */,
				4E36A96F2188EE0A00F02A1B /* SearchModel.swift in Sources */,
				4EFB05C321883E4900369E89 /* Mock.swift in Sources */,
				4ECA4D0D218EF81C0045B8F0 /* UserDetailComponentViewModel.swift in Sources */,
				4E36A98A21898E1A00F02A1B /* QueerProtocols.swift in Sources */,
				4EB222C92189D6E00051BE3E /* UIView+Extensions.swift in Sources */,
				4E36A9522188B67600F02A1B /* Router.swift in Sources */,
				4E36A9A22189933900F02A1B /* UserModel.swift in Sources */,
				4E36A9A621899DE100F02A1B /* Repository+Language.swift in Sources */,
				4ECA4D06218E62660045B8F0 /* UserProvider.swift in Sources */,
				4E36A98E21898E1A00F02A1B /* UICollectionView+CellType.swift in Sources */,
				4E36A9492188B62400F02A1B /* RepositoryDetailViewController.swift in Sources */,
				4E36A97E21898D1900F02A1B /* SearchManager.swift in Sources */,
				4E88FBEF218BD5C1001F6CBA /* RepositoryDetailViewModel.swift in Sources */,
				4EB222C72189D6820051BE3E /* UserDetailComponent.swift in Sources */,
				4E36A9792189878C00F02A1B /* RepositoryCellModel.swift in Sources */,
				4EB222CF2189F7780051BE3E /* UIFont+Style.swift in Sources */,
				4E36A99421898E7000F02A1B /* RepositoryTableViewCell.swift in Sources */,
				4E36A9652188D68800F02A1B /* SearchProvider.swift in Sources */,
				4E88FBF1218BD7A6001F6CBA /* LicenseModel.swift in Sources */,
				4EFB057A2188288700369E89 /* AppDelegate.swift in Sources */,
				4E36A98C21898E1A00F02A1B /* UIView+Queer.swift in Sources */,
				4E88FBEC218BC9BD001F6CBA /* Router+Navigation.swift in Sources */,
				4ECA4D0F218F1C870045B8F0 /* RepositoryDetailBottomBar.swift in Sources */,
				4E36A9712188F93300F02A1B /* SearchComponent.swift in Sources */,
				4E36A9752189849D00F02A1B /* ViewModel+DataSource.swift in Sources */,
				4EB222D8218A72270051BE3E /* ViewModel+Service.swift in Sources */,
				4E36A9A421899D0E00F02A1B /* OwnerModel.swift in Sources */,
				4EB222CB2189F21B0051BE3E /* UIColor+Theme.swift in Sources */,
				4E36A98B21898E1A00F02A1B /* QueerCollectionView.swift in Sources */,
				4E36A9AB2189B88F00F02A1B /* ImageView.swift in Sources */,
				4E36A9502188B66D00F02A1B /* WindowManager.swift in Sources */,
				4E36A94B2188B63000F02A1B /* UserDetailViewController.swift in Sources */,
				4EFB05BD21882AB300369E89 /* UserStruct.swift in Sources */,
				4E36A9AE2189B9B300F02A1B /* AttributeStackView.swift in Sources */,
				4ECA4CFA218CACEE0045B8F0 /* String+Extensions.swift in Sources */,
				4E36A98721898E1A00F02A1B /* UITableView+QueerViewBuilder.swift in Sources */,
				4ECA4D0B218EE4D20045B8F0 /* WebsiteButton.swift in Sources */,
				4E88FBDD218BB728001F6CBA /* AvatarComponentViewModel.swift in Sources */,
				4E88FBE5218BBB59001F6CBA /* RepositoryCollectionViewCell.swift in Sources */,
				4E88FBDB218BAB45001F6CBA /* RepositoryComponent.swift in Sources */,
				4E36A99D21898FEB00F02A1B /* KeywordTableViewCell.swift in Sources */,
				4E36A98921898E1A00F02A1B /* UITableView+CellType.swift in Sources */,
				4E36A9672188D6B000F02A1B /* ServiceInjector.swift in Sources */,
				4EB222CD2189F23E0051BE3E /* Theme.swift in Sources */,
				4E36A9732189848800F02A1B /* SearchViewModel.swift in Sources */,
				4ECA4CFE218E51F80045B8F0 /* CollectionTableViewCell.swift in Sources */,
				4E36A98D21898E1A00F02A1B /* QueerTableView.swift in Sources */,
				4E36A9452188B5F200F02A1B /* BaseViewController.swift in Sources */,
				4ECA4CF7218CAC6D0045B8F0 /* StatusBarProgress.swift in Sources */,
				4E36A95C2188CA8E00F02A1B /* UIViewController+Storyboard.swift in Sources */,
				4ECA4D04218E5DCF0045B8F0 /* RepositoryCollectionTableCellModel.swift in Sources */,
			);
			runOnlyForDeploymentPostprocessing = 0;
		};
		4EFB05862188288900369E89 /* Sources */ = {
			isa = PBXSourcesBuildPhase;
			buildActionMask = 2147483647;
			files = (
				4EFB058F2188288900369E89 /* VNGRSTests.swift in Sources */,
				4EFB05C121883D1000369E89 /* JSONParseTest.swift in Sources */,
			);
			runOnlyForDeploymentPostprocessing = 0;
		};
		4EFB05912188288900369E89 /* Sources */ = {
			isa = PBXSourcesBuildPhase;
			buildActionMask = 2147483647;
			files = (
				4EFB059A2188288900369E89 /* VNGRSUITests.swift in Sources */,
			);
			runOnlyForDeploymentPostprocessing = 0;
		};
/* End PBXSourcesBuildPhase section */

/* Begin PBXTargetDependency section */
		4EFB058C2188288900369E89 /* PBXTargetDependency */ = {
			isa = PBXTargetDependency;
			target = 4EFB05752188288700369E89 /* VNGRS */;
			targetProxy = 4EFB058B2188288900369E89 /* PBXContainerItemProxy */;
		};
		4EFB05972188288900369E89 /* PBXTargetDependency */ = {
			isa = PBXTargetDependency;
			target = 4EFB05752188288700369E89 /* VNGRS */;
			targetProxy = 4EFB05962188288900369E89 /* PBXContainerItemProxy */;
		};
/* End PBXTargetDependency section */

/* Begin PBXVariantGroup section */
		4EFA920D218B92B0009ADFB5 /* Localizable.strings */ = {
			isa = PBXVariantGroup;
			children = (
				4EFA920E218B92B7009ADFB5 /* en */,
				4EFA920F218B92C7009ADFB5 /* tr */,
			);
			name = Localizable.strings;
			sourceTree = "<group>";
		};
		4EFB057D2188288700369E89 /* Search.storyboard */ = {
			isa = PBXVariantGroup;
			children = (
				4EFB057E2188288700369E89 /* Base */,
				4EFA9209218B92A3009ADFB5 /* tr */,
			);
			name = Search.storyboard;
			sourceTree = "<group>";
		};
		4EFB05822188288800369E89 /* LaunchScreen.storyboard */ = {
			isa = PBXVariantGroup;
			children = (
				4EFB05832188288800369E89 /* Base */,
				4EFA920A218B92A3009ADFB5 /* tr */,
			);
			name = LaunchScreen.storyboard;
			sourceTree = "<group>";
		};
/* End PBXVariantGroup section */

/* Begin XCBuildConfiguration section */
		4EFB059C2188288900369E89 /* Debug */ = {
			isa = XCBuildConfiguration;
			buildSettings = {
				ALWAYS_SEARCH_USER_PATHS = NO;
				CLANG_ANALYZER_LOCALIZABILITY_NONLOCALIZED = YES;
				CLANG_ANALYZER_NONNULL = YES;
				CLANG_ANALYZER_NUMBER_OBJECT_CONVERSION = YES_AGGRESSIVE;
				CLANG_CXX_LANGUAGE_STANDARD = "gnu++14";
				CLANG_CXX_LIBRARY = "libc++";
				CLANG_ENABLE_MODULES = YES;
				CLANG_ENABLE_OBJC_ARC = YES;
				CLANG_ENABLE_OBJC_WEAK = YES;
				CLANG_WARN_BLOCK_CAPTURE_AUTORELEASING = YES;
				CLANG_WARN_BOOL_CONVERSION = YES;
				CLANG_WARN_COMMA = YES;
				CLANG_WARN_CONSTANT_CONVERSION = YES;
				CLANG_WARN_DEPRECATED_OBJC_IMPLEMENTATIONS = YES;
				CLANG_WARN_DIRECT_OBJC_ISA_USAGE = YES_ERROR;
				CLANG_WARN_DOCUMENTATION_COMMENTS = YES;
				CLANG_WARN_EMPTY_BODY = YES;
				CLANG_WARN_ENUM_CONVERSION = YES;
				CLANG_WARN_INFINITE_RECURSION = YES;
				CLANG_WARN_INT_CONVERSION = YES;
				CLANG_WARN_NON_LITERAL_NULL_CONVERSION = YES;
				CLANG_WARN_OBJC_IMPLICIT_RETAIN_SELF = YES;
				CLANG_WARN_OBJC_LITERAL_CONVERSION = YES;
				CLANG_WARN_OBJC_ROOT_CLASS = YES_ERROR;
				CLANG_WARN_RANGE_LOOP_ANALYSIS = YES;
				CLANG_WARN_STRICT_PROTOTYPES = YES;
				CLANG_WARN_SUSPICIOUS_MOVE = YES;
				CLANG_WARN_UNGUARDED_AVAILABILITY = YES_AGGRESSIVE;
				CLANG_WARN_UNREACHABLE_CODE = YES;
				CLANG_WARN__DUPLICATE_METHOD_MATCH = YES;
				CODE_SIGN_IDENTITY = "iPhone Developer";
				COPY_PHASE_STRIP = NO;
				DEBUG_INFORMATION_FORMAT = dwarf;
				ENABLE_STRICT_OBJC_MSGSEND = YES;
				ENABLE_TESTABILITY = YES;
				GCC_C_LANGUAGE_STANDARD = gnu11;
				GCC_DYNAMIC_NO_PIC = NO;
				GCC_NO_COMMON_BLOCKS = YES;
				GCC_OPTIMIZATION_LEVEL = 0;
				GCC_PREPROCESSOR_DEFINITIONS = (
					"DEBUG=1",
					"$(inherited)",
				);
				GCC_WARN_64_TO_32_BIT_CONVERSION = YES;
				GCC_WARN_ABOUT_RETURN_TYPE = YES_ERROR;
				GCC_WARN_UNDECLARED_SELECTOR = YES;
				GCC_WARN_UNINITIALIZED_AUTOS = YES_AGGRESSIVE;
				GCC_WARN_UNUSED_FUNCTION = YES;
				GCC_WARN_UNUSED_VARIABLE = YES;
				IPHONEOS_DEPLOYMENT_TARGET = 12.0;
				MTL_ENABLE_DEBUG_INFO = INCLUDE_SOURCE;
				MTL_FAST_MATH = YES;
				ONLY_ACTIVE_ARCH = YES;
				SDKROOT = iphoneos;
				SWIFT_ACTIVE_COMPILATION_CONDITIONS = DEBUG;
				SWIFT_OPTIMIZATION_LEVEL = "-Onone";
			};
			name = Debug;
		};
		4EFB059D2188288900369E89 /* Release */ = {
			isa = XCBuildConfiguration;
			buildSettings = {
				ALWAYS_SEARCH_USER_PATHS = NO;
				CLANG_ANALYZER_LOCALIZABILITY_NONLOCALIZED = YES;
				CLANG_ANALYZER_NONNULL = YES;
				CLANG_ANALYZER_NUMBER_OBJECT_CONVERSION = YES_AGGRESSIVE;
				CLANG_CXX_LANGUAGE_STANDARD = "gnu++14";
				CLANG_CXX_LIBRARY = "libc++";
				CLANG_ENABLE_MODULES = YES;
				CLANG_ENABLE_OBJC_ARC = YES;
				CLANG_ENABLE_OBJC_WEAK = YES;
				CLANG_WARN_BLOCK_CAPTURE_AUTORELEASING = YES;
				CLANG_WARN_BOOL_CONVERSION = YES;
				CLANG_WARN_COMMA = YES;
				CLANG_WARN_CONSTANT_CONVERSION = YES;
				CLANG_WARN_DEPRECATED_OBJC_IMPLEMENTATIONS = YES;
				CLANG_WARN_DIRECT_OBJC_ISA_USAGE = YES_ERROR;
				CLANG_WARN_DOCUMENTATION_COMMENTS = YES;
				CLANG_WARN_EMPTY_BODY = YES;
				CLANG_WARN_ENUM_CONVERSION = YES;
				CLANG_WARN_INFINITE_RECURSION = YES;
				CLANG_WARN_INT_CONVERSION = YES;
				CLANG_WARN_NON_LITERAL_NULL_CONVERSION = YES;
				CLANG_WARN_OBJC_IMPLICIT_RETAIN_SELF = YES;
				CLANG_WARN_OBJC_LITERAL_CONVERSION = YES;
				CLANG_WARN_OBJC_ROOT_CLASS = YES_ERROR;
				CLANG_WARN_RANGE_LOOP_ANALYSIS = YES;
				CLANG_WARN_STRICT_PROTOTYPES = YES;
				CLANG_WARN_SUSPICIOUS_MOVE = YES;
				CLANG_WARN_UNGUARDED_AVAILABILITY = YES_AGGRESSIVE;
				CLANG_WARN_UNREACHABLE_CODE = YES;
				CLANG_WARN__DUPLICATE_METHOD_MATCH = YES;
				CODE_SIGN_IDENTITY = "iPhone Developer";
				COPY_PHASE_STRIP = NO;
				DEBUG_INFORMATION_FORMAT = "dwarf-with-dsym";
				ENABLE_NS_ASSERTIONS = NO;
				ENABLE_STRICT_OBJC_MSGSEND = YES;
				GCC_C_LANGUAGE_STANDARD = gnu11;
				GCC_NO_COMMON_BLOCKS = YES;
				GCC_WARN_64_TO_32_BIT_CONVERSION = YES;
				GCC_WARN_ABOUT_RETURN_TYPE = YES_ERROR;
				GCC_WARN_UNDECLARED_SELECTOR = YES;
				GCC_WARN_UNINITIALIZED_AUTOS = YES_AGGRESSIVE;
				GCC_WARN_UNUSED_FUNCTION = YES;
				GCC_WARN_UNUSED_VARIABLE = YES;
				IPHONEOS_DEPLOYMENT_TARGET = 12.0;
				MTL_ENABLE_DEBUG_INFO = NO;
				MTL_FAST_MATH = YES;
				SDKROOT = iphoneos;
				SWIFT_COMPILATION_MODE = wholemodule;
				SWIFT_OPTIMIZATION_LEVEL = "-O";
				VALIDATE_PRODUCT = YES;
			};
			name = Release;
		};
		4EFB059F2188288900369E89 /* Debug */ = {
			isa = XCBuildConfiguration;
			baseConfigurationReference = 58654CBC175D68A26315C008 /* Pods-VNGRS.debug.xcconfig */;
			buildSettings = {
				ASSETCATALOG_COMPILER_APPICON_NAME = AppIcon;
				CODE_SIGN_STYLE = Automatic;
				DEVELOPMENT_TEAM = FARN5VBHLK;
				INFOPLIST_FILE = VNGRS/Info.plist;
				LD_RUNPATH_SEARCH_PATHS = (
					"$(inherited)",
					"@executable_path/Frameworks",
				);
				PRODUCT_BUNDLE_IDENTIFIER = com.hireme.VNGRS;
				PRODUCT_NAME = "$(TARGET_NAME)";
				SWIFT_VERSION = 4.2;
				TARGETED_DEVICE_FAMILY = "1,2";
			};
			name = Debug;
		};
		4EFB05A02188288900369E89 /* Release */ = {
			isa = XCBuildConfiguration;
			baseConfigurationReference = 1CD7D8B04022BAA293DA7E7D /* Pods-VNGRS.release.xcconfig */;
			buildSettings = {
				ASSETCATALOG_COMPILER_APPICON_NAME = AppIcon;
				CODE_SIGN_STYLE = Automatic;
				DEVELOPMENT_TEAM = FARN5VBHLK;
				INFOPLIST_FILE = VNGRS/Info.plist;
				LD_RUNPATH_SEARCH_PATHS = (
					"$(inherited)",
					"@executable_path/Frameworks",
				);
				PRODUCT_BUNDLE_IDENTIFIER = com.hireme.VNGRS;
				PRODUCT_NAME = "$(TARGET_NAME)";
				SWIFT_VERSION = 4.2;
				TARGETED_DEVICE_FAMILY = "1,2";
			};
			name = Release;
		};
		4EFB05A22188288900369E89 /* Debug */ = {
			isa = XCBuildConfiguration;
			baseConfigurationReference = CFE1BBD051E71D5358509ABB /* Pods-VNGRSTests.debug.xcconfig */;
			buildSettings = {
				ALWAYS_EMBED_SWIFT_STANDARD_LIBRARIES = YES;
				BUNDLE_LOADER = "$(TEST_HOST)";
				CODE_SIGN_STYLE = Automatic;
				DEVELOPMENT_TEAM = FARN5VBHLK;
				INFOPLIST_FILE = VNGRSTests/Info.plist;
				LD_RUNPATH_SEARCH_PATHS = (
					"$(inherited)",
					"@executable_path/Frameworks",
					"@loader_path/Frameworks",
				);
				PRODUCT_BUNDLE_IDENTIFIER = com.hireme.VNGRSTests;
				PRODUCT_NAME = "$(TARGET_NAME)";
				SWIFT_VERSION = 4.2;
				TARGETED_DEVICE_FAMILY = "1,2";
				TEST_HOST = "$(BUILT_PRODUCTS_DIR)/VNGRS.app/VNGRS";
			};
			name = Debug;
		};
		4EFB05A32188288900369E89 /* Release */ = {
			isa = XCBuildConfiguration;
			baseConfigurationReference = 11BBFB9DBFAC0321280B417D /* Pods-VNGRSTests.release.xcconfig */;
			buildSettings = {
				ALWAYS_EMBED_SWIFT_STANDARD_LIBRARIES = YES;
				BUNDLE_LOADER = "$(TEST_HOST)";
				CODE_SIGN_STYLE = Automatic;
				DEVELOPMENT_TEAM = FARN5VBHLK;
				INFOPLIST_FILE = VNGRSTests/Info.plist;
				LD_RUNPATH_SEARCH_PATHS = (
					"$(inherited)",
					"@executable_path/Frameworks",
					"@loader_path/Frameworks",
				);
				PRODUCT_BUNDLE_IDENTIFIER = com.hireme.VNGRSTests;
				PRODUCT_NAME = "$(TARGET_NAME)";
				SWIFT_VERSION = 4.2;
				TARGETED_DEVICE_FAMILY = "1,2";
				TEST_HOST = "$(BUILT_PRODUCTS_DIR)/VNGRS.app/VNGRS";
			};
			name = Release;
		};
		4EFB05A52188288900369E89 /* Debug */ = {
			isa = XCBuildConfiguration;
			baseConfigurationReference = A7B0DEC872BACE6D44251AB7 /* Pods-VNGRSUITests.debug.xcconfig */;
			buildSettings = {
				ALWAYS_EMBED_SWIFT_STANDARD_LIBRARIES = YES;
				CODE_SIGN_STYLE = Automatic;
				DEVELOPMENT_TEAM = FARN5VBHLK;
				INFOPLIST_FILE = VNGRSUITests/Info.plist;
				LD_RUNPATH_SEARCH_PATHS = (
					"$(inherited)",
					"@executable_path/Frameworks",
					"@loader_path/Frameworks",
				);
				PRODUCT_BUNDLE_IDENTIFIER = com.hireme.VNGRSUITests;
				PRODUCT_NAME = "$(TARGET_NAME)";
				SWIFT_VERSION = 4.2;
				TARGETED_DEVICE_FAMILY = "1,2";
				TEST_TARGET_NAME = VNGRS;
			};
			name = Debug;
		};
		4EFB05A62188288900369E89 /* Release */ = {
			isa = XCBuildConfiguration;
			baseConfigurationReference = BBF8EBBCADA160CCE5A887C9 /* Pods-VNGRSUITests.release.xcconfig */;
			buildSettings = {
				ALWAYS_EMBED_SWIFT_STANDARD_LIBRARIES = YES;
				CODE_SIGN_STYLE = Automatic;
				DEVELOPMENT_TEAM = FARN5VBHLK;
				INFOPLIST_FILE = VNGRSUITests/Info.plist;
				LD_RUNPATH_SEARCH_PATHS = (
					"$(inherited)",
					"@executable_path/Frameworks",
					"@loader_path/Frameworks",
				);
				PRODUCT_BUNDLE_IDENTIFIER = com.hireme.VNGRSUITests;
				PRODUCT_NAME = "$(TARGET_NAME)";
				SWIFT_VERSION = 4.2;
				TARGETED_DEVICE_FAMILY = "1,2";
				TEST_TARGET_NAME = VNGRS;
			};
			name = Release;
		};
/* End XCBuildConfiguration section */

/* Begin XCConfigurationList section */
		4EFB05712188288700369E89 /* Build configuration list for PBXProject "VNGRS" */ = {
			isa = XCConfigurationList;
			buildConfigurations = (
				4EFB059C2188288900369E89 /* Debug */,
				4EFB059D2188288900369E89 /* Release */,
			);
			defaultConfigurationIsVisible = 0;
			defaultConfigurationName = Release;
		};
		4EFB059E2188288900369E89 /* Build configuration list for PBXNativeTarget "VNGRS" */ = {
			isa = XCConfigurationList;
			buildConfigurations = (
				4EFB059F2188288900369E89 /* Debug */,
				4EFB05A02188288900369E89 /* Release */,
			);
			defaultConfigurationIsVisible = 0;
			defaultConfigurationName = Release;
		};
		4EFB05A12188288900369E89 /* Build configuration list for PBXNativeTarget "VNGRSTests" */ = {
			isa = XCConfigurationList;
			buildConfigurations = (
				4EFB05A22188288900369E89 /* Debug */,
				4EFB05A32188288900369E89 /* Release */,
			);
			defaultConfigurationIsVisible = 0;
			defaultConfigurationName = Release;
		};
		4EFB05A42188288900369E89 /* Build configuration list for PBXNativeTarget "VNGRSUITests" */ = {
			isa = XCConfigurationList;
			buildConfigurations = (
				4EFB05A52188288900369E89 /* Debug */,
				4EFB05A62188288900369E89 /* Release */,
			);
			defaultConfigurationIsVisible = 0;
			defaultConfigurationName = Release;
		};
/* End XCConfigurationList section */
	};
	rootObject = 4EFB056E2188288700369E89 /* Project object */;
}
